{
    "_meta": {
        "hash": {
            "sha256": "e5bd5689d04510ad79efe28296a1a754ff81375032b98f44847d930ffec639c0"
        },
        "pipfile-spec": 6,
        "requires": {
            "python_version": "3.7"
        },
        "sources": [
            {
                "name": "pypi",
                "url": "https://pypi.org/simple",
                "verify_ssl": true
            }
        ]
    },
    "default": {
        "click": {
            "hashes": [
                "sha256:2335065e6395b9e67ca716de5f7526736bfa6ceead690adf616d925bdc622b13",
                "sha256:5b94b49521f6456670fdb30cd82a4eca9412788a93fa6dd6df72c94d5a8ff2d7"
            ],
            "version": "==7.0"
        },
        "colorama": {
            "hashes": [
                "sha256:05eed71e2e327246ad6b38c540c4a3117230b19679b875190486ddd2d721422d",
                "sha256:f8ac84de7840f5b9c4e3347b3c1eaa50f7e49c2b07596221daec5edaabbd7c48"
            ],
            "markers": "sys_platform == 'win32'",
            "version": "==0.4.1"
        },
        "coloredlogs": {
            "hashes": [
                "sha256:34fad2e342d5a559c31b6c889e8d14f97cb62c47d9a2ae7b5ed14ea10a79eff8",
                "sha256:b869a2dda3fa88154b9dd850e27828d8755bfab5a838a1c97fbc850c6e377c36"
            ],
            "index": "pypi",
            "version": "==10.0"
        },
        "flask": {
            "hashes": [
                "sha256:13f9f196f330c7c2c5d7a5cf91af894110ca0215ac051b5844701f2bfd934d52",
                "sha256:45eb5a6fd193d6cf7e0cf5d8a5b31f83d5faae0293695626f539a823e93b13f6"
            ],
            "version": "==1.1.1"
        },
        "flask-socketio": {
            "hashes": [
                "sha256:aced332903522a52822fb1e21744549510ce8b26e074422d4cd9aff68e43be5b",
                "sha256:f6f7e0205f0dd92d98a87e3f6d26d94ade29ca380ba383b505070674c804ae2e"
            ],
            "index": "pypi",
            "version": "==4.1.0"
        },
        "humanfriendly": {
            "hashes": [
                "sha256:23057b10ad6f782e7bc3a20e3cb6768ab919f619bbdc0dd75691121bbde5591d",
                "sha256:33ee8ceb63f1db61cce8b5c800c531e1a61023ac5488ccde2ba574a85be00a85"
            ],
            "version": "==4.18"
        },
        "itsdangerous": {
            "hashes": [
                "sha256:321b033d07f2a4136d3ec762eac9f16a10ccd60f53c0c91af90217ace7ba1f19",
                "sha256:b12271b2047cb23eeb98c8b5622e2e5c5e9abd9784a153e9d8ef9cb4dd09d749"
            ],
            "version": "==1.1.0"
        },
        "jinja2": {
            "hashes": [
                "sha256:065c4f02ebe7f7cf559e49ee5a95fb800a9e4528727aec6f24402a5374c65013",
                "sha256:14dd6caf1527abb21f08f86c784eac40853ba93edb79552aa1e4b8aef1b61c7b"
            ],
            "version": "==2.10.1"
        },
        "markupsafe": {
            "hashes": [
                "sha256:00bc623926325b26bb9605ae9eae8a215691f33cae5df11ca5424f06f2d1f473",
                "sha256:09027a7803a62ca78792ad89403b1b7a73a01c8cb65909cd876f7fcebd79b161",
                "sha256:09c4b7f37d6c648cb13f9230d847adf22f8171b1ccc4d5682398e77f40309235",
                "sha256:1027c282dad077d0bae18be6794e6b6b8c91d58ed8a8d89a89d59693b9131db5",
                "sha256:24982cc2533820871eba85ba648cd53d8623687ff11cbb805be4ff7b4c971aff",
                "sha256:29872e92839765e546828bb7754a68c418d927cd064fd4708fab9fe9c8bb116b",
                "sha256:43a55c2930bbc139570ac2452adf3d70cdbb3cfe5912c71cdce1c2c6bbd9c5d1",
                "sha256:46c99d2de99945ec5cb54f23c8cd5689f6d7177305ebff350a58ce5f8de1669e",
                "sha256:500d4957e52ddc3351cabf489e79c91c17f6e0899158447047588650b5e69183",
                "sha256:535f6fc4d397c1563d08b88e485c3496cf5784e927af890fb3c3aac7f933ec66",
                "sha256:62fe6c95e3ec8a7fad637b7f3d372c15ec1caa01ab47926cfdf7a75b40e0eac1",
                "sha256:6dd73240d2af64df90aa7c4e7481e23825ea70af4b4922f8ede5b9e35f78a3b1",
                "sha256:717ba8fe3ae9cc0006d7c451f0bb265ee07739daf76355d06366154ee68d221e",
                "sha256:79855e1c5b8da654cf486b830bd42c06e8780cea587384cf6545b7d9ac013a0b",
                "sha256:7c1699dfe0cf8ff607dbdcc1e9b9af1755371f92a68f706051cc8c37d447c905",
                "sha256:88e5fcfb52ee7b911e8bb6d6aa2fd21fbecc674eadd44118a9cc3863f938e735",
                "sha256:8defac2f2ccd6805ebf65f5eeb132adcf2ab57aa11fdf4c0dd5169a004710e7d",
                "sha256:98c7086708b163d425c67c7a91bad6e466bb99d797aa64f965e9d25c12111a5e",
                "sha256:9add70b36c5666a2ed02b43b335fe19002ee5235efd4b8a89bfcf9005bebac0d",
                "sha256:9bf40443012702a1d2070043cb6291650a0841ece432556f784f004937f0f32c",
                "sha256:ade5e387d2ad0d7ebf59146cc00c8044acbd863725f887353a10df825fc8ae21",
                "sha256:b00c1de48212e4cc9603895652c5c410df699856a2853135b3967591e4beebc2",
                "sha256:b1282f8c00509d99fef04d8ba936b156d419be841854fe901d8ae224c59f0be5",
                "sha256:b2051432115498d3562c084a49bba65d97cf251f5a331c64a12ee7e04dacc51b",
                "sha256:ba59edeaa2fc6114428f1637ffff42da1e311e29382d81b339c1817d37ec93c6",
                "sha256:c8716a48d94b06bb3b2524c2b77e055fb313aeb4ea620c8dd03a105574ba704f",
                "sha256:cd5df75523866410809ca100dc9681e301e3c27567cf498077e8551b6d20e42f",
                "sha256:e249096428b3ae81b08327a63a485ad0878de3fb939049038579ac0ef61e17e7"
            ],
            "version": "==1.1.1"
        },
        "prompt-toolkit": {
            "hashes": [
                "sha256:7281b5199235adaef6980942840c43753e4ab20dfe41338da634fb41c194f9d8",
                "sha256:82c7f8e07d7a0411ff5367a5a8ff520f0112b9179f3e599ee8ad2ad9b943d911",
                "sha256:cc66413b1b4b17021675d9f2d15d57e640b06ddfd99bb724c73484126d22622f"
            ],
            "version": "==1.0.14"
        },
        "pygments": {
            "hashes": [
                "sha256:71e430bc85c88a430f000ac1d9b331d2407f681d6f6aec95e8bcfbc3df5b0127",
                "sha256:881c4c157e45f30af185c1ffe8d549d48ac9127433f2c380c24b84572ad66297"
            ],
            "version": "==2.4.2"
        },
        "pyinquirer": {
            "hashes": [
                "sha256:c9a92d68d7727fbd886a7908c08fd9e9773e5dc211bf5cbf836ba90d366dee51"
            ],
            "index": "pypi",
            "version": "==1.0.3"
        },
        "pyreadline": {
            "hashes": [
                "sha256:4530592fc2e85b25b1a9f79664433da09237c1a270e4d78ea5aa3a2c7229e2d1"
            ],
            "markers": "sys_platform == 'win32'",
            "version": "==2.1"
        },
        "python-engineio": {
            "hashes": [
                "sha256:4850c3e04b2040e4fd262d1047797473d1815b37a073807e7b80304c1c5f4848",
                "sha256:89b90ee3816ed440c68ac7b6143244ae7d56a46a49295fbac8e6696482e596d1"
            ],
            "version": "==3.8.2.post1"
        },
        "python-socketio": {
            "hashes": [
                "sha256:335bd0fab481d65edce4ab82c3bb5cac950afa843329ea7c38777cd56c8eba38",
                "sha256:efec4844456791b7d702efefd543ed67a8e314ca45efb8f0bfca7ae18fdee60a"
            ],
            "version": "==4.2.0"
        },
        "regex": {
            "hashes": [
                "sha256:1c70ccb8bf4ded0cbe53092e9f56dcc9d6b0efcf6e80b6ef9b0ece8a557d6635",
                "sha256:2948310c01535ccb29bb600dd033b07b91f36e471953889b7f3a1e66b39d0c19",
                "sha256:2ab13db0411cb308aa590d33c909ea4efeced40188d8a4a7d3d5970657fe73bc",
                "sha256:38e6486c7e14683cd1b17a4218760f0ea4c015633cf1b06f7c190fb882a51ba7",
                "sha256:80dde4ff10b73b823da451687363cac93dd3549e059d2dc19b72a02d048ba5aa",
                "sha256:84daedefaa56320765e9c4d43912226d324ef3cc929f4d75fa95f8c579a08211",
                "sha256:b98e5876ca1e63b41c4aa38d7d5cc04a736415d4e240e9ae7ebc4f780083c7d5",
                "sha256:ca4f47131af28ef168ff7c80d4b4cad019cb4cabb5fa26143f43aa3dbd60389c",
                "sha256:cf7838110d3052d359da527372666429b9485ab739286aa1a11ed482f037a88c",
                "sha256:dd4e8924915fa748e128864352875d3d0be5f4597ab1b1d475988b8e3da10dd7",
                "sha256:f2c65530255e4010a5029eb11138f5ecd5aa70363f57a3444d83b3253b0891be"
            ],
            "version": "==2019.6.8"
        },
        "six": {
            "hashes": [
                "sha256:3350809f0555b11f552448330d0b52d5f24c91a322ea4a15ef22629740f3761c",
                "sha256:d16a0141ec1a18405cd4ce8b4613101da75da0e9a7aec5bdd4fa804d0e0eba73"
            ],
            "version": "==1.12.0"
        },
        "terminaltables": {
            "hashes": [
                "sha256:f3eb0eb92e3833972ac36796293ca0906e998dc3be91fbe1f8615b331b853b81"
            ],
            "index": "pypi",
            "version": "==3.1.0"
        },
        "wcwidth": {
            "hashes": [
                "sha256:3df37372226d6e63e1b1e1eda15c594bca98a22d33a23832a90998faa96bc65e",
                "sha256:f4ebe71925af7b40a864553f761ed559b43544f8f71746c2d756c7fe788ade7c"
            ],
            "version": "==0.1.7"
        },
        "werkzeug": {
            "hashes": [
                "sha256:87ae4e5b5366da2347eb3116c0e6c681a0e939a33b2805e2c0cbd282664932c4",
                "sha256:a13b74dd3c45f758d4ebdb224be8f1ab8ef58b3c0ffc1783a8c7d9f4f50227e6"
            ],
            "version": "==0.15.5"
        }
    },
    "develop": {
        "autopep8": {
            "hashes": [
                "sha256:4d8eec30cc81bc5617dbf1218201d770dc35629363547f17577c61683ccfb3ee"
            ],
            "index": "pypi",
            "version": "==1.4.4"
        },
        "bleach": {
            "hashes": [
                "sha256:213336e49e102af26d9cde77dd2d0397afabc5a6bf2fed985dc35b5d1e285a16",
                "sha256:3fdf7f77adcf649c9911387df51254b813185e32b2c6619f690b593a617e19fa"
            ],
            "version": "==3.1.0"
        },
        "bumpversion": {
            "hashes": [
                "sha256:6744c873dd7aafc24453d8b6a1a0d6d109faf63cd0cd19cb78fd46e74932c77e",
                "sha256:6753d9ff3552013e2130f7bc03c1007e24473b4835952679653fb132367bdd57"
            ],
            "index": "pypi",
            "version": "==0.5.3"
        },
        "certifi": {
            "hashes": [
                "sha256:046832c04d4e752f37383b628bc601a7ea7211496b4638f6514d0e5b9acc4939",
                "sha256:945e3ba63a0b9f577b1395204e13c3a231f9bc0223888be653286534e5873695"
            ],
            "version": "==2019.6.16"
        },
        "chardet": {
            "hashes": [
                "sha256:84ab92ed1c4d4f16916e05906b6b75a6c0fb5db821cc65e70cbd64a3e2a5eaae",
                "sha256:fc323ffcaeaed0e0a02bf4d117757b98aed530d9ed4531e3e15460124c106691"
            ],
            "version": "==3.0.4"
        },
        "docutils": {
            "hashes": [
                "sha256:554158db07870b514e8df93800e95ee8fbf2a2388eb453c7f69206532a8a6fa5",
                "sha256:82725b1051b92aaa42e240a4e5d6fafa2f6f5a2b5023b23a51c941dd7d863369"
            ],
            "version": "==0.15.1"
        },
        "idna": {
            "hashes": [
                "sha256:c357b3f628cf53ae2c4c05627ecc484553142ca23264e593d327bcde5e9c3407",
                "sha256:ea8b7f6188e6fa117537c3df7da9fc686d485087abf6ac197f9c46432f7e4a3c"
            ],
            "version": "==2.8"
        },
        "pkginfo": {
            "hashes": [
                "sha256:7424f2c8511c186cd5424bbf31045b77435b37a8d604990b79d4e70d741148bb",
                "sha256:a6d9e40ca61ad3ebd0b72fbadd4fba16e4c0e4df0428c041e01e06eb6ee71f32"
            ],
            "version": "==1.5.0.1"
        },
        "pycodestyle": {
            "hashes": [
                "sha256:95a2219d12372f05704562a14ec30bc76b05a5b297b21a5dfe3f6fac3491ae56",
                "sha256:e40a936c9a450ad81df37f549d676d127b1b66000a6c500caa2b085bc0ca976c"
            ],
            "version": "==2.5.0"
        },
        "pygments": {
            "hashes": [
                "sha256:71e430bc85c88a430f000ac1d9b331d2407f681d6f6aec95e8bcfbc3df5b0127",
                "sha256:881c4c157e45f30af185c1ffe8d549d48ac9127433f2c380c24b84572ad66297"
            ],
            "version": "==2.4.2"
        },
        "readme-renderer": {
            "hashes": [
                "sha256:bb16f55b259f27f75f640acf5e00cf897845a8b3e4731b5c1a436e4b8529202f",
                "sha256:c8532b79afc0375a85f10433eca157d6b50f7d6990f337fa498c96cd4bfc203d"
            ],
            "version": "==24.0"
        },
        "requests": {
            "hashes": [
                "sha256:11e007a8a2aa0323f5a921e9e6a2d7e4e67d9877e85773fba9ba6419025cbeb4",
                "sha256:9cf5292fcd0f598c671cfc1e0d7d1a7f13bb8085e9a590f48c010551dc6c4b31"
            ],
            "version": "==2.22.0"
        },
        "requests-toolbelt": {
            "hashes": [
                "sha256:380606e1d10dc85c3bd47bf5a6095f815ec007be7a8b69c878507068df059e6f",
                "sha256:968089d4584ad4ad7c171454f0a5c6dac23971e9472521ea3b6d49d610aa6fc0"
            ],
            "version": "==0.9.1"
        },
        "six": {
            "hashes": [
                "sha256:3350809f0555b11f552448330d0b52d5f24c91a322ea4a15ef22629740f3761c",
                "sha256:d16a0141ec1a18405cd4ce8b4613101da75da0e9a7aec5bdd4fa804d0e0eba73"
            ],
            "version": "==1.12.0"
        },
        "tqdm": {
            "hashes": [
                "sha256:14a285392c32b6f8222ecfbcd217838f88e11630affe9006cd0e94c7eff3cb61",
                "sha256:25d4c0ea02a305a688e7e9c2cdc8f862f989ef2a4701ab28ee963295f5b109ab"
            ],
            "version": "==4.32.2"
        },
        "twine": {
            "hashes": [
                "sha256:0fb0bfa3df4f62076cab5def36b1a71a2e4acb4d1fa5c97475b048117b1a6446",
                "sha256:d6c29c933ecfc74e9b1d9fa13aa1f87c5d5770e119f5a4ce032092f0ff5b14dc"
            ],
            "index": "pypi",
            "version": "==1.13.0"
        },
        "urllib3": {
            "hashes": [
                "sha256:b246607a25ac80bedac05c6f282e3cdaf3afb65420fd024ac94435cabe6e18d1",
                "sha256:dbe59173209418ae49d485b87d1681aefa36252ee85884c31346debd19463232"
            ],
            "version": "==1.25.3"
        },
        "webencodings": {
            "hashes": [
                "sha256:a0af1213f3c2226497a97e2b3aa01a7e4bee4f403f95be16fc9acd2947514a78",
                "sha256:b36a1c245f2d304965eb4e0a82848379241dc04b865afcc4aab16748587e1923"
            ],
            "version": "==0.5.1"
        }
    }
}
